
Microsoft Visual Studio Solution File, Format Version 12.00
# Visual Studio Version 17
VisualStudioVersion = 17.5.33424.131
MinimumVisualStudioVersion = 10.0.40219.1
Project("{FAE04EC0-301F-11D3-BF4B-00C04F79EFBC}") = "BlazorWebAppCRUD", "BlazorWebAppCRUD.csproj", "{F21BD69C-C686-4B90-B3D3-57F55E4AFDFB}"
EndProject
Global
	GlobalSection(SolutionConfigurationPlatforms) = preSolution
		Debug|Any CPU = Debug|Any CPU
		Release|Any CPU = Release|Any CPU
	EndGlobalSection
	GlobalSection(ProjectConfigurationPlatforms) = postSolution
		{F21BD69C-C686-4B90-B3D3-57F55E4AFDFB}.Debug|Any CPU.ActiveCfg = Debug|Any CPU
		{F21BD69C-C686-4B90-B3D3-57F55E4AFDFB}.Debug|Any CPU.Build.0 = Debug|Any CPU
		{F21BD69C-C686-4B90-B3D3-57F55E4AFDFB}.Release|Any CPU.ActiveCfg = Release|Any CPU
		{F21BD69C-C686-4B90-B3D3-57F55E4AFDFB}.Release|Any CPU.Build.0 = Release|Any CPU
	EndGlobalSection
	GlobalSection(SolutionProperties) = preSolution
		HideSolutionNode = FALSE
	EndGlobalSection
	GlobalSection(ExtensibilityGlobals) = postSolution
		SolutionGuid = {784C40E5-D23D-4D1E-8659-08C7840EE2D9}
	EndGlobalSection
EndGlobal
